
Microsoft Visual Studio Solution File, Format Version 12.00
# Visual Studio 15
VisualStudioVersion = 15.0.27703.2000
MinimumVisualStudioVersion = 10.0.40219.1
Project("{8BC9CEB8-8B4A-11D0-8D11-00A0C91BC942}") = "lab1", "lab1\lab1.vcxproj", "{9DF54AF3-AE65-40AE-AA02-CE65DF991A76}"
EndProject
Project("{8BC9CEB8-8B4A-11D0-8D11-00A0C91BC942}") = "lab1.1", "lab1.1\lab1.1.vcxproj", "{3CEA3500-9725-4E48-86D9-6DDBB6A926A2}"
EndProject
Project("{8BC9CEB8-8B4A-11D0-8D11-00A0C91BC942}") = "lab1.2", "lab1.2\lab1.2.vcxproj", "{6C7E920C-8DDB-4EB8-ADD7-D3DB8513F20A}"
EndProject
Project("{8BC9CEB8-8B4A-11D0-8D11-00A0C91BC942}") = "Lab1.3", "Lab1.3\Lab1.3.vcxproj", "{5DFAEF26-FB29-4EA0-8128-2867152676E8}"
EndProject
Project("{8BC9CEB8-8B4A-11D0-8D11-00A0C91BC942}") = "Lab2", "Lab2\Lab2.vcxproj", "{EA65A263-C213-4D8F-8AA3-E2DE68F93510}"
EndProject
Project("{8BC9CEB8-8B4A-11D0-8D11-00A0C91BC942}") = "lab2.1", "lab2.1\lab2.1.vcxproj", "{C20B991C-E4D2-45C6-A15E-5F2F437F0183}"
EndProject
Project("{8BC9CEB8-8B4A-11D0-8D11-00A0C91BC942}") = "lab2.2", "lab2.2\lab2.2.vcxproj", "{76C28F89-3F02-4EBD-AE2D-1FCDF0ED3DED}"
EndProject
Project("{8BC9CEB8-8B4A-11D0-8D11-00A0C91BC942}") = "Lab3.1a", "Lab3.1a\Lab3.1a.vcxproj", "{3B52236F-9681-4548-A3CC-C9831850FF30}"
EndProject
Project("{8BC9CEB8-8B4A-11D0-8D11-00A0C91BC942}") = "Lab3.1b", "Lab3.1b\Lab3.1b.vcxproj", "{15934157-AAEE-4276-8822-FFC976890E30}"
EndProject
Project("{8BC9CEB8-8B4A-11D0-8D11-00A0C91BC942}") = "Lab3.2", "Lab3.2\Lab3.2.vcxproj", "{75D569A9-64CB-45BC-A103-9E92C03E3A94}"
EndProject
Project("{8BC9CEB8-8B4A-11D0-8D11-00A0C91BC942}") = "Lab3.3", "Lab3.3\Lab3.3.vcxproj", "{55C74871-ED98-4453-AE2E-8D83B311843F}"
EndProject
Project("{8BC9CEB8-8B4A-11D0-8D11-00A0C91BC942}") = "Lab4", "Lab4\Lab4.vcxproj", "{FC93F3CC-C554-42C9-B8A5-5F8E1BE2D0D5}"
EndProject
Project("{8BC9CEB8-8B4A-11D0-8D11-00A0C91BC942}") = "Lab5.1", "Lab5.1\Lab5.1.vcxproj", "{DB1294A8-E695-43DA-896F-859F1E74C568}"
EndProject
Project("{8BC9CEB8-8B4A-11D0-8D11-00A0C91BC942}") = "Lab5.2", "Lab5.2\Lab5.2.vcxproj", "{4E819EFE-1E4A-4AAE-80A8-1F92A03AEFE1}"
EndProject
Project("{8BC9CEB8-8B4A-11D0-8D11-00A0C91BC942}") = "Lab6.1", "Lab6.1\Lab6.1.vcxproj", "{1D9D2CE3-928B-4585-94AA-8C32D1A09289}"
EndProject
Global
	GlobalSection(SolutionConfigurationPlatforms) = preSolution
		Debug|x64 = Debug|x64
		Debug|x86 = Debug|x86
		Release|x64 = Release|x64
		Release|x86 = Release|x86
	EndGlobalSection
	GlobalSection(ProjectConfigurationPlatforms) = postSolution
		{9DF54AF3-AE65-40AE-AA02-CE65DF991A76}.Debug|x64.ActiveCfg = Debug|x64
		{9DF54AF3-AE65-40AE-AA02-CE65DF991A76}.Debug|x64.Build.0 = Debug|x64
		{9DF54AF3-AE65-40AE-AA02-CE65DF991A76}.Debug|x86.ActiveCfg = Debug|Win32
		{9DF54AF3-AE65-40AE-AA02-CE65DF991A76}.Debug|x86.Build.0 = Debug|Win32
		{9DF54AF3-AE65-40AE-AA02-CE65DF991A76}.Release|x64.ActiveCfg = Release|x64
		{9DF54AF3-AE65-40AE-AA02-CE65DF991A76}.Release|x64.Build.0 = Release|x64
		{9DF54AF3-AE65-40AE-AA02-CE65DF991A76}.Release|x86.ActiveCfg = Release|Win32
		{9DF54AF3-AE65-40AE-AA02-CE65DF991A76}.Release|x86.Build.0 = Release|Win32
		{3CEA3500-9725-4E48-86D9-6DDBB6A926A2}.Debug|x64.ActiveCfg = Debug|x64
		{3CEA3500-9725-4E48-86D9-6DDBB6A926A2}.Debug|x64.Build.0 = Debug|x64
		{3CEA3500-9725-4E48-86D9-6DDBB6A926A2}.Debug|x86.ActiveCfg = Debug|Win32
		{3CEA3500-9725-4E48-86D9-6DDBB6A926A2}.Debug|x86.Build.0 = Debug|Win32
		{3CEA3500-9725-4E48-86D9-6DDBB6A926A2}.Release|x64.ActiveCfg = Release|x64
		{3CEA3500-9725-4E48-86D9-6DDBB6A926A2}.Release|x64.Build.0 = Release|x64
		{3CEA3500-9725-4E48-86D9-6DDBB6A926A2}.Release|x86.ActiveCfg = Release|Win32
		{3CEA3500-9725-4E48-86D9-6DDBB6A926A2}.Release|x86.Build.0 = Release|Win32
		{6C7E920C-8DDB-4EB8-ADD7-D3DB8513F20A}.Debug|x64.ActiveCfg = Debug|x64
		{6C7E920C-8DDB-4EB8-ADD7-D3DB8513F20A}.Debug|x64.Build.0 = Debug|x64
		{6C7E920C-8DDB-4EB8-ADD7-D3DB8513F20A}.Debug|x86.ActiveCfg = Debug|Win32
		{6C7E920C-8DDB-4EB8-ADD7-D3DB8513F20A}.Debug|x86.Build.0 = Debug|Win32
		{6C7E920C-8DDB-4EB8-ADD7-D3DB8513F20A}.Release|x64.ActiveCfg = Release|x64
		{6C7E920C-8DDB-4EB8-ADD7-D3DB8513F20A}.Release|x64.Build.0 = Release|x64
		{6C7E920C-8DDB-4EB8-ADD7-D3DB8513F20A}.Release|x86.ActiveCfg = Release|Win32
		{6C7E920C-8DDB-4EB8-ADD7-D3DB8513F20A}.Release|x86.Build.0 = Release|Win32
		{5DFAEF26-FB29-4EA0-8128-2867152676E8}.Debug|x64.ActiveCfg = Debug|x64
		{5DFAEF26-FB29-4EA0-8128-2867152676E8}.Debug|x64.Build.0 = Debug|x64
		{5DFAEF26-FB29-4EA0-8128-2867152676E8}.Debug|x86.ActiveCfg = Debug|Win32
		{5DFAEF26-FB29-4EA0-8128-2867152676E8}.Debug|x86.Build.0 = Debug|Win32
		{5DFAEF26-FB29-4EA0-8128-2867152676E8}.Release|x64.ActiveCfg = Release|x64
		{5DFAEF26-FB29-4EA0-8128-2867152676E8}.Release|x64.Build.0 = Release|x64
		{5DFAEF26-FB29-4EA0-8128-2867152676E8}.Release|x86.ActiveCfg = Release|Win32
		{5DFAEF26-FB29-4EA0-8128-2867152676E8}.Release|x86.Build.0 = Release|Win32
		{EA65A263-C213-4D8F-8AA3-E2DE68F93510}.Debug|x64.ActiveCfg = Debug|x64
		{EA65A263-C213-4D8F-8AA3-E2DE68F93510}.Debug|x64.Build.0 = Debug|x64
		{EA65A263-C213-4D8F-8AA3-E2DE68F93510}.Debug|x86.ActiveCfg = Debug|Win32
		{EA65A263-C213-4D8F-8AA3-E2DE68F93510}.Debug|x86.Build.0 = Debug|Win32
		{EA65A263-C213-4D8F-8AA3-E2DE68F93510}.Release|x64.ActiveCfg = Release|x64
		{EA65A263-C213-4D8F-8AA3-E2DE68F93510}.Release|x64.Build.0 = Release|x64
		{EA65A263-C213-4D8F-8AA3-E2DE68F93510}.Release|x86.ActiveCfg = Release|Win32
		{EA65A263-C213-4D8F-8AA3-E2DE68F93510}.Release|x86.Build.0 = Release|Win32
		{C20B991C-E4D2-45C6-A15E-5F2F437F0183}.Debug|x64.ActiveCfg = Debug|x64
		{C20B991C-E4D2-45C6-A15E-5F2F437F0183}.Debug|x64.Build.0 = Debug|x64
		{C20B991C-E4D2-45C6-A15E-5F2F437F0183}.Debug|x86.ActiveCfg = Debug|Win32
		{C20B991C-E4D2-45C6-A15E-5F2F437F0183}.Debug|x86.Build.0 = Debug|Win32
		{C20B991C-E4D2-45C6-A15E-5F2F437F0183}.Release|x64.ActiveCfg = Release|x64
		{C20B991C-E4D2-45C6-A15E-5F2F437F0183}.Release|x64.Build.0 = Release|x64
		{C20B991C-E4D2-45C6-A15E-5F2F437F0183}.Release|x86.ActiveCfg = Release|Win32
		{C20B991C-E4D2-45C6-A15E-5F2F437F0183}.Release|x86.Build.0 = Release|Win32
		{76C28F89-3F02-4EBD-AE2D-1FCDF0ED3DED}.Debug|x64.ActiveCfg = Debug|x64
		{76C28F89-3F02-4EBD-AE2D-1FCDF0ED3DED}.Debug|x64.Build.0 = Debug|x64
		{76C28F89-3F02-4EBD-AE2D-1FCDF0ED3DED}.Debug|x86.ActiveCfg = Debug|Win32
		{76C28F89-3F02-4EBD-AE2D-1FCDF0ED3DED}.Debug|x86.Build.0 = Debug|Win32
		{76C28F89-3F02-4EBD-AE2D-1FCDF0ED3DED}.Release|x64.ActiveCfg = Release|x64
		{76C28F89-3F02-4EBD-AE2D-1FCDF0ED3DED}.Release|x64.Build.0 = Release|x64
		{76C28F89-3F02-4EBD-AE2D-1FCDF0ED3DED}.Release|x86.ActiveCfg = Release|Win32
		{76C28F89-3F02-4EBD-AE2D-1FCDF0ED3DED}.Release|x86.Build.0 = Release|Win32
		{3B52236F-9681-4548-A3CC-C9831850FF30}.Debug|x64.ActiveCfg = Debug|x64
		{3B52236F-9681-4548-A3CC-C9831850FF30}.Debug|x64.Build.0 = Debug|x64
		{3B52236F-9681-4548-A3CC-C9831850FF30}.Debug|x86.ActiveCfg = Debug|Win32
		{3B52236F-9681-4548-A3CC-C9831850FF30}.Debug|x86.Build.0 = Debug|Win32
		{3B52236F-9681-4548-A3CC-C9831850FF30}.Release|x64.ActiveCfg = Release|x64
		{3B52236F-9681-4548-A3CC-C9831850FF30}.Release|x64.Build.0 = Release|x64
		{3B52236F-9681-4548-A3CC-C9831850FF30}.Release|x86.ActiveCfg = Release|Win32
		{3B52236F-9681-4548-A3CC-C9831850FF30}.Release|x86.Build.0 = Release|Win32
		{15934157-AAEE-4276-8822-FFC976890E30}.Debug|x64.ActiveCfg = Debug|x64
		{15934157-AAEE-4276-8822-FFC976890E30}.Debug|x64.Build.0 = Debug|x64
		{15934157-AAEE-4276-8822-FFC976890E30}.Debug|x86.ActiveCfg = Debug|Win32
		{15934157-AAEE-4276-8822-FFC976890E30}.Debug|x86.Build.0 = Debug|Win32
		{15934157-AAEE-4276-8822-FFC976890E30}.Release|x64.ActiveCfg = Release|x64
		{15934157-AAEE-4276-8822-FFC976890E30}.Release|x64.Build.0 = Release|x64
		{15934157-AAEE-4276-8822-FFC976890E30}.Release|x86.ActiveCfg = Release|Win32
		{15934157-AAEE-4276-8822-FFC976890E30}.Release|x86.Build.0 = Release|Win32
		{75D569A9-64CB-45BC-A103-9E92C03E3A94}.Debug|x64.ActiveCfg = Debug|x64
		{75D569A9-64CB-45BC-A103-9E92C03E3A94}.Debug|x64.Build.0 = Debug|x64
		{75D569A9-64CB-45BC-A103-9E92C03E3A94}.Debug|x86.ActiveCfg = Debug|Win32
		{75D569A9-64CB-45BC-A103-9E92C03E3A94}.Debug|x86.Build.0 = Debug|Win32
		{75D569A9-64CB-45BC-A103-9E92C03E3A94}.Release|x64.ActiveCfg = Release|x64
		{75D569A9-64CB-45BC-A103-9E92C03E3A94}.Release|x64.Build.0 = Release|x64
		{75D569A9-64CB-45BC-A103-9E92C03E3A94}.Release|x86.ActiveCfg = Release|Win32
		{75D569A9-64CB-45BC-A103-9E92C03E3A94}.Release|x86.Build.0 = Release|Win32
		{55C74871-ED98-4453-AE2E-8D83B311843F}.Debug|x64.ActiveCfg = Debug|x64
		{55C74871-ED98-4453-AE2E-8D83B311843F}.Debug|x64.Build.0 = Debug|x64
		{55C74871-ED98-4453-AE2E-8D83B311843F}.Debug|x86.ActiveCfg = Debug|Win32
		{55C74871-ED98-4453-AE2E-8D83B311843F}.Debug|x86.Build.0 = Debug|Win32
		{55C74871-ED98-4453-AE2E-8D83B311843F}.Release|x64.ActiveCfg = Release|x64
		{55C74871-ED98-4453-AE2E-8D83B311843F}.Release|x64.Build.0 = Release|x64
		{55C74871-ED98-4453-AE2E-8D83B311843F}.Release|x86.ActiveCfg = Release|Win32
		{55C74871-ED98-4453-AE2E-8D83B311843F}.Release|x86.Build.0 = Release|Win32
		{FC93F3CC-C554-42C9-B8A5-5F8E1BE2D0D5}.Debug|x64.ActiveCfg = Debug|x64
		{FC93F3CC-C554-42C9-B8A5-5F8E1BE2D0D5}.Debug|x64.Build.0 = Debug|x64
		{FC93F3CC-C554-42C9-B8A5-5F8E1BE2D0D5}.Debug|x86.ActiveCfg = Debug|Win32
		{FC93F3CC-C554-42C9-B8A5-5F8E1BE2D0D5}.Debug|x86.Build.0 = Debug|Win32
		{FC93F3CC-C554-42C9-B8A5-5F8E1BE2D0D5}.Release|x64.ActiveCfg = Release|x64
		{FC93F3CC-C554-42C9-B8A5-5F8E1BE2D0D5}.Release|x64.Build.0 = Release|x64
		{FC93F3CC-C554-42C9-B8A5-5F8E1BE2D0D5}.Release|x86.ActiveCfg = Release|Win32
		{FC93F3CC-C554-42C9-B8A5-5F8E1BE2D0D5}.Release|x86.Build.0 = Release|Win32
		{DB1294A8-E695-43DA-896F-859F1E74C568}.Debug|x64.ActiveCfg = Debug|x64
		{DB1294A8-E695-43DA-896F-859F1E74C568}.Debug|x64.Build.0 = Debug|x64
		{DB1294A8-E695-43DA-896F-859F1E74C568}.Debug|x86.ActiveCfg = Debug|Win32
		{DB1294A8-E695-43DA-896F-859F1E74C568}.Debug|x86.Build.0 = Debug|Win32
		{DB1294A8-E695-43DA-896F-859F1E74C568}.Release|x64.ActiveCfg = Release|x64
		{DB1294A8-E695-43DA-896F-859F1E74C568}.Release|x64.Build.0 = Release|x64
		{DB1294A8-E695-43DA-896F-859F1E74C568}.Release|x86.ActiveCfg = Release|Win32
		{DB1294A8-E695-43DA-896F-859F1E74C568}.Release|x86.Build.0 = Release|Win32
		{4E819EFE-1E4A-4AAE-80A8-1F92A03AEFE1}.Debug|x64.ActiveCfg = Debug|x64
		{4E819EFE-1E4A-4AAE-80A8-1F92A03AEFE1}.Debug|x64.Build.0 = Debug|x64
		{4E819EFE-1E4A-4AAE-80A8-1F92A03AEFE1}.Debug|x86.ActiveCfg = Debug|Win32
		{4E819EFE-1E4A-4AAE-80A8-1F92A03AEFE1}.Debug|x86.Build.0 = Debug|Win32
		{4E819EFE-1E4A-4AAE-80A8-1F92A03AEFE1}.Release|x64.ActiveCfg = Release|x64
		{4E819EFE-1E4A-4AAE-80A8-1F92A03AEFE1}.Release|x64.Build.0 = Release|x64
		{4E819EFE-1E4A-4AAE-80A8-1F92A03AEFE1}.Release|x86.ActiveCfg = Release|Win32
		{4E819EFE-1E4A-4AAE-80A8-1F92A03AEFE1}.Release|x86.Build.0 = Release|Win32
		{1D9D2CE3-928B-4585-94AA-8C32D1A09289}.Debug|x64.ActiveCfg = Debug|x64
		{1D9D2CE3-928B-4585-94AA-8C32D1A09289}.Debug|x64.Build.0 = Debug|x64
		{1D9D2CE3-928B-4585-94AA-8C32D1A09289}.Debug|x86.ActiveCfg = Debug|Win32
		{1D9D2CE3-928B-4585-94AA-8C32D1A09289}.Debug|x86.Build.0 = Debug|Win32
		{1D9D2CE3-928B-4585-94AA-8C32D1A09289}.Release|x64.ActiveCfg = Release|x64
		{1D9D2CE3-928B-4585-94AA-8C32D1A09289}.Release|x64.Build.0 = Release|x64
		{1D9D2CE3-928B-4585-94AA-8C32D1A09289}.Release|x86.ActiveCfg = Release|Win32
		{1D9D2CE3-928B-4585-94AA-8C32D1A09289}.Release|x86.Build.0 = Release|Win32
	EndGlobalSection
	GlobalSection(SolutionProperties) = preSolution
		HideSolutionNode = FALSE
	EndGlobalSection
	GlobalSection(ExtensibilityGlobals) = postSolution
		SolutionGuid = {572A57F6-B88B-4661-9ACD-7DC784B1096C}
	EndGlobalSection
EndGlobal
